// !$*UTF8*$!
{
	archiveVersion = 1;
	classes = {
	};
	objectVersion = 77;
	objects = {

/* Begin PBXBuildFile section */
		6215F8E22CD5FE3A008F34EE /* Date+Ext.swift in Sources */ = {isa = PBXBuildFile; fileRef = 6215F8E12CD5FE3A008F34EE /* Date+Ext.swift */; };
		623A845F2CE68FB4008BBBBE /* UILabel+Ext.swift in Sources */ = {isa = PBXBuildFile; fileRef = 623A845E2CE68FB4008BBBBE /* UILabel+Ext.swift */; };
		623A84612CE69870008BBBBE /* UIView.swift in Sources */ = {isa = PBXBuildFile; fileRef = 623A84602CE69870008BBBBE /* UIView.swift */; };
		626449B32CD8032E00785867 /* ProfileViewController.swift in Sources */ = {isa = PBXBuildFile; fileRef = 626449B12CD8032E00785867 /* ProfileViewController.swift */; };
		62AB97872CD5DA13004F5C78 /* Assets.xcassets in Resources */ = {isa = PBXBuildFile; fileRef = 62AB977E2CD5DA13004F5C78 /* Assets.xcassets */; };
		62AB97892CD5DA13004F5C78 /* LaunchScreen.storyboard in Resources */ = {isa = PBXBuildFile; fileRef = 62AB97812CD5DA13004F5C78 /* LaunchScreen.storyboard */; };
		62AB978A2CD5DA13004F5C78 /* Main.storyboard in Resources */ = {isa = PBXBuildFile; fileRef = 62AB97832CD5DA13004F5C78 /* Main.storyboard */; };
		62AB978B2CD5DA13004F5C78 /* AppDelegate.swift in Sources */ = {isa = PBXBuildFile; fileRef = 62AB977D2CD5DA13004F5C78 /* AppDelegate.swift */; };
		62AB978C2CD5DA13004F5C78 /* SceneDelegate.swift in Sources */ = {isa = PBXBuildFile; fileRef = 62AB97842CD5DA13004F5C78 /* SceneDelegate.swift */; };
		62AB978D2CD5DA13004F5C78 /* ImagesListViewController.swift in Sources */ = {isa = PBXBuildFile; fileRef = 62AB97852CD5DA13004F5C78 /* ImagesListViewController.swift */; };
		62AB97A62CD5EBD7004F5C78 /* ImagesListCell.swift in Sources */ = {isa = PBXBuildFile; fileRef = 62AB97A52CD5EBD7004F5C78 /* ImagesListCell.swift */; };
		62B966382CD9DA5000B72445 /* SingleImageViewController.swift in Sources */ = {isa = PBXBuildFile; fileRef = 62B966372CD9DA5000B72445 /* SingleImageViewController.swift */; };
/* End PBXBuildFile section */

/* Begin PBXFileReference section */
		6215F8E12CD5FE3A008F34EE /* Date+Ext.swift */ = {isa = PBXFileReference; lastKnownFileType = sourcecode.swift; path = "Date+Ext.swift"; sourceTree = "<group>"; };
		623A845E2CE68FB4008BBBBE /* UILabel+Ext.swift */ = {isa = PBXFileReference; lastKnownFileType = sourcecode.swift; path = "UILabel+Ext.swift"; sourceTree = "<group>"; };
		623A84602CE69870008BBBBE /* UIView.swift */ = {isa = PBXFileReference; lastKnownFileType = sourcecode.swift; path = UIView.swift; sourceTree = "<group>"; };
		626449B12CD8032E00785867 /* ProfileViewController.swift */ = {isa = PBXFileReference; lastKnownFileType = sourcecode.swift; path = ProfileViewController.swift; sourceTree = "<group>"; };
		62AB97652CD5D088004F5C78 /* ImageFeed.app */ = {isa = PBXFileReference; explicitFileType = wrapper.application; includeInIndex = 0; path = ImageFeed.app; sourceTree = BUILT_PRODUCTS_DIR; };
		62AB977D2CD5DA13004F5C78 /* AppDelegate.swift */ = {isa = PBXFileReference; lastKnownFileType = sourcecode.swift; path = AppDelegate.swift; sourceTree = "<group>"; };
		62AB977E2CD5DA13004F5C78 /* Assets.xcassets */ = {isa = PBXFileReference; lastKnownFileType = folder.assetcatalog; path = Assets.xcassets; sourceTree = "<group>"; };
		62AB977F2CD5DA13004F5C78 /* Info.plist */ = {isa = PBXFileReference; lastKnownFileType = text.plist.xml; path = Info.plist; sourceTree = "<group>"; };
		62AB97802CD5DA13004F5C78 /* Base */ = {isa = PBXFileReference; lastKnownFileType = file.storyboard; name = Base; path = Base.lproj/LaunchScreen.storyboard; sourceTree = "<group>"; };
		62AB97822CD5DA13004F5C78 /* Base */ = {isa = PBXFileReference; lastKnownFileType = file.storyboard; name = Base; path = Base.lproj/Main.storyboard; sourceTree = "<group>"; };
		62AB97842CD5DA13004F5C78 /* SceneDelegate.swift */ = {isa = PBXFileReference; lastKnownFileType = sourcecode.swift; path = SceneDelegate.swift; sourceTree = "<group>"; };
		62AB97852CD5DA13004F5C78 /* ImagesListViewController.swift */ = {isa = PBXFileReference; lastKnownFileType = sourcecode.swift; path = ImagesListViewController.swift; sourceTree = "<group>"; };
		62AB97A52CD5EBD7004F5C78 /* ImagesListCell.swift */ = {isa = PBXFileReference; lastKnownFileType = sourcecode.swift; path = ImagesListCell.swift; sourceTree = "<group>"; };
		62B966372CD9DA5000B72445 /* SingleImageViewController.swift */ = {isa = PBXFileReference; lastKnownFileType = sourcecode.swift; path = SingleImageViewController.swift; sourceTree = "<group>"; };
/* End PBXFileReference section */

/* Begin PBXFrameworksBuildPhase section */
		62AB97622CD5D088004F5C78 /* Frameworks */ = {
			isa = PBXFrameworksBuildPhase;
			buildActionMask = 2147483647;
			files = (
			);
			runOnlyForDeploymentPostprocessing = 0;
		};
/* End PBXFrameworksBuildPhase section */

/* Begin PBXGroup section */
		6215F8E02CD5FE1C008F34EE /* Extensions */ = {
			isa = PBXGroup;
			children = (
				6215F8E12CD5FE3A008F34EE /* Date+Ext.swift */,
				623A845E2CE68FB4008BBBBE /* UILabel+Ext.swift */,
				623A84602CE69870008BBBBE /* UIView.swift */,
			);
			path = Extensions;
			sourceTree = "<group>";
		};
		626449B22CD8032E00785867 /* Profile */ = {
			isa = PBXGroup;
			children = (
				626449B12CD8032E00785867 /* ProfileViewController.swift */,
			);
			path = Profile;
			sourceTree = "<group>";
		};
		62AB975C2CD5D088004F5C78 = {
			isa = PBXGroup;
			children = (
				62AB97862CD5DA13004F5C78 /* ImageFeed */,
				62AB97662CD5D088004F5C78 /* Products */,
			);
			sourceTree = "<group>";
		};
		62AB97662CD5D088004F5C78 /* Products */ = {
			isa = PBXGroup;
			children = (
				62AB97652CD5D088004F5C78 /* ImageFeed.app */,
			);
			name = Products;
			sourceTree = "<group>";
		};
		62AB97862CD5DA13004F5C78 /* ImageFeed */ = {
			isa = PBXGroup;
			children = (
				62AB977D2CD5DA13004F5C78 /* AppDelegate.swift */,
				62AB97842CD5DA13004F5C78 /* SceneDelegate.swift */,
				62AB979E2CD5DAD5004F5C78 /* Presentation */,
				6215F8E02CD5FE1C008F34EE /* Extensions */,
				62AB978E2CD5DA17004F5C78 /* Resources */,
			);
			path = ImageFeed;
			sourceTree = "<group>";
		};
		62AB978E2CD5DA17004F5C78 /* Resources */ = {
			isa = PBXGroup;
			children = (
				62AB977E2CD5DA13004F5C78 /* Assets.xcassets */,
				62AB97812CD5DA13004F5C78 /* LaunchScreen.storyboard */,
				62AB977F2CD5DA13004F5C78 /* Info.plist */,
			);
			path = Resources;
			sourceTree = "<group>";
		};
		62AB979E2CD5DAD5004F5C78 /* Presentation */ = {
			isa = PBXGroup;
			children = (
				62C5B0362CE123DC00F37504 /* ImagesList */,
				626449B22CD8032E00785867 /* Profile */,
				62C5B0372CE123F400F37504 /* SingleImage */,
				62AB97832CD5DA13004F5C78 /* Main.storyboard */,
			);
			path = Presentation;
			sourceTree = "<group>";
		};
		62C5B0362CE123DC00F37504 /* ImagesList */ = {
			isa = PBXGroup;
			children = (
				62AB97A52CD5EBD7004F5C78 /* ImagesListCell.swift */,
				62AB97852CD5DA13004F5C78 /* ImagesListViewController.swift */,
			);
			path = ImagesList;
			sourceTree = "<group>";
		};
		62C5B0372CE123F400F37504 /* SingleImage */ = {
			isa = PBXGroup;
			children = (
				62B966372CD9DA5000B72445 /* SingleImageViewController.swift */,
			);
			path = SingleImage;
			sourceTree = "<group>";
		};
/* End PBXGroup section */

/* Begin PBXNativeTarget section */
		62AB97642CD5D088004F5C78 /* ImageFeed */ = {
			isa = PBXNativeTarget;
			buildConfigurationList = 62AB97782CD5D089004F5C78 /* Build configuration list for PBXNativeTarget "ImageFeed" */;
			buildPhases = (
				62AB97612CD5D088004F5C78 /* Sources */,
				62AB97622CD5D088004F5C78 /* Frameworks */,
				62AB97632CD5D088004F5C78 /* Resources */,
			);
			buildRules = (
			);
			dependencies = (
			);
			name = ImageFeed;
			packageProductDependencies = (
			);
			productName = ImageFeed;
			productReference = 62AB97652CD5D088004F5C78 /* ImageFeed.app */;
			productType = "com.apple.product-type.application";
		};
/* End PBXNativeTarget section */

/* Begin PBXProject section */
		62AB975D2CD5D088004F5C78 /* Project object */ = {
			isa = PBXProject;
			attributes = {
				BuildIndependentTargetsInParallel = 1;
				LastSwiftUpdateCheck = 1600;
				LastUpgradeCheck = 1600;
				TargetAttributes = {
					62AB97642CD5D088004F5C78 = {
						CreatedOnToolsVersion = 16.0;
					};
				};
			};
			buildConfigurationList = 62AB97602CD5D088004F5C78 /* Build configuration list for PBXProject "ImageFeed" */;
			developmentRegion = en;
			hasScannedForEncodings = 0;
			knownRegions = (
				en,
				Base,
			);
			mainGroup = 62AB975C2CD5D088004F5C78;
			minimizedProjectReferenceProxies = 1;
			preferredProjectObjectVersion = 77;
			productRefGroup = 62AB97662CD5D088004F5C78 /* Products */;
			projectDirPath = "";
			projectRoot = "";
			targets = (
				62AB97642CD5D088004F5C78 /* ImageFeed */,
			);
		};
/* End PBXProject section */

/* Begin PBXResourcesBuildPhase section */
		62AB97632CD5D088004F5C78 /* Resources */ = {
			isa = PBXResourcesBuildPhase;
			buildActionMask = 2147483647;
			files = (
				62AB97872CD5DA13004F5C78 /* Assets.xcassets in Resources */,
				62AB97892CD5DA13004F5C78 /* LaunchScreen.storyboard in Resources */,
				62AB978A2CD5DA13004F5C78 /* Main.storyboard in Resources */,
			);
			runOnlyForDeploymentPostprocessing = 0;
		};
/* End PBXResourcesBuildPhase section */

/* Begin PBXSourcesBuildPhase section */
		62AB97612CD5D088004F5C78 /* Sources */ = {
			isa = PBXSourcesBuildPhase;
			buildActionMask = 2147483647;
			files = (
				626449B32CD8032E00785867 /* ProfileViewController.swift in Sources */,
				62AB978B2CD5DA13004F5C78 /* AppDelegate.swift in Sources */,
				62AB97A62CD5EBD7004F5C78 /* ImagesListCell.swift in Sources */,
				62B966382CD9DA5000B72445 /* SingleImageViewController.swift in Sources */,
				62AB978C2CD5DA13004F5C78 /* SceneDelegate.swift in Sources */,
				62AB978D2CD5DA13004F5C78 /* ImagesListViewController.swift in Sources */,
				623A845F2CE68FB4008BBBBE /* UILabel+Ext.swift in Sources */,
				623A84612CE69870008BBBBE /* UIView.swift in Sources */,
				6215F8E22CD5FE3A008F34EE /* Date+Ext.swift in Sources */,
			);
			runOnlyForDeploymentPostprocessing = 0;
		};
/* End PBXSourcesBuildPhase section */

/* Begin PBXVariantGroup section */
		62AB97812CD5DA13004F5C78 /* LaunchScreen.storyboard */ = {
			isa = PBXVariantGroup;
			children = (
				62AB97802CD5DA13004F5C78 /* Base */,
			);
			name = LaunchScreen.storyboard;
			sourceTree = "<group>";
		};
		62AB97832CD5DA13004F5C78 /* Main.storyboard */ = {
			isa = PBXVariantGroup;
			children = (
				62AB97822CD5DA13004F5C78 /* Base */,
			);
			name = Main.storyboard;
			sourceTree = "<group>";
		};
/* End PBXVariantGroup section */

/* Begin XCBuildConfiguration section */
		62AB97792CD5D089004F5C78 /* Debug */ = {
			isa = XCBuildConfiguration;
			buildSettings = {
				ASSETCATALOG_COMPILER_APPICON_NAME = AppIcon;
				ASSETCATALOG_COMPILER_GLOBAL_ACCENT_COLOR_NAME = AccentColor;
				CODE_SIGN_STYLE = Automatic;
				CURRENT_PROJECT_VERSION = 1;
				DEVELOPMENT_TEAM = FQ92952J93;
				GENERATE_INFOPLIST_FILE = YES;
				INFOPLIST_FILE = ImageFeed/Resources/Info.plist;
				INFOPLIST_KEY_UIApplicationSupportsIndirectInputEvents = YES;
				INFOPLIST_KEY_UILaunchStoryboardName = LaunchScreen;
				INFOPLIST_KEY_UIMainStoryboardFile = Main;
				INFOPLIST_KEY_UISupportedInterfaceOrientations = UIInterfaceOrientationPortrait;
				INFOPLIST_KEY_UISupportedInterfaceOrientations_iPad = "UIInterfaceOrientationLandscapeLeft UIInterfaceOrientationLandscapeRight UIInterfaceOrientationPortrait UIInterfaceOrientationPortraitUpsideDown";
				IPHONEOS_DEPLOYMENT_TARGET = 13;
				LD_RUNPATH_SEARCH_PATHS = (
					"$(inherited)",
					"@executable_path/Frameworks",
				);
				MARKETING_VERSION = 1.0;
				PRODUCT_BUNDLE_IDENTIFIER = co.akremnev.ImageFeed;
				PRODUCT_NAME = "$(TARGET_NAME)";
				SUPPORTED_PLATFORMS = "iphoneos iphonesimulator";
				SUPPORTS_MACCATALYST = NO;
				SUPPORTS_MAC_DESIGNED_FOR_IPHONE_IPAD = NO;
				SUPPORTS_XR_DESIGNED_FOR_IPHONE_IPAD = NO;
				SWIFT_EMIT_LOC_STRINGS = YES;
				SWIFT_VERSION = 5.0;
				TARGETED_DEVICE_FAMILY = 1;
			};
			name = Debug;
		};
		62AB977A2CD5D089004F5C78 /* Release */ = {
			isa = XCBuildConfiguration;
			buildSettings = {
				ASSETCATALOG_COMPILER_APPICON_NAME = AppIcon;
				ASSETCATALOG_COMPILER_GLOBAL_ACCENT_COLOR_NAME = AccentColor;
				CODE_SIGN_STYLE = Automatic;
				CURRENT_PROJECT_VERSION = 1;
				DEVELOPMENT_TEAM = FQ92952J93;
				GENERATE_INFOPLIST_FILE = YES;
				INFOPLIST_FILE = ImageFeed/Resources/Info.plist;
				INFOPLIST_KEY_UIApplicationSupportsIndirectInputEvents = YES;
				INFOPLIST_KEY_UILaunchStoryboardName = LaunchScreen;
				INFOPLIST_KEY_UIMainStoryboardFile = Main;
				INFOPLIST_KEY_UISupportedInterfaceOrientations = UIInterfaceOrientationPortrait;
				INFOPLIST_KEY_UISupportedInterfaceOrientations_iPad = "UIInterfaceOrientationLandscapeLeft UIInterfaceOrientationLandscapeRight UIInterfaceOrientationPortrait UIInterfaceOrientationPortraitUpsideDown";
				IPHONEOS_DEPLOYMENT_TARGET = 13;
				LD_RUNPATH_SEARCH_PATHS = (
					"$(inherited)",
					"@executable_path/Frameworks",
				);
				MARKETING_VERSION = 1.0;
				PRODUCT_BUNDLE_IDENTIFIER = co.akremnev.ImageFeed;
				PRODUCT_NAME = "$(TARGET_NAME)";
				SUPPORTED_PLATFORMS = "iphoneos iphonesimulator";
				SUPPORTS_MACCATALYST = NO;
				SUPPORTS_MAC_DESIGNED_FOR_IPHONE_IPAD = NO;
				SUPPORTS_XR_DESIGNED_FOR_IPHONE_IPAD = NO;
				SWIFT_EMIT_LOC_STRINGS = YES;
				SWIFT_VERSION = 5.0;
				TARGETED_DEVICE_FAMILY = 1;
			};
			name = Release;
		};
		62AB977B2CD5D089004F5C78 /* Debug */ = {
			isa = XCBuildConfiguration;
			buildSettings = {
				ALWAYS_SEARCH_USER_PATHS = NO;
				ASSETCATALOG_COMPILER_GENERATE_SWIFT_ASSET_SYMBOL_EXTENSIONS = YES;
				CLANG_ANALYZER_NONNULL = YES;
				CLANG_ANALYZER_NUMBER_OBJECT_CONVERSION = YES_AGGRESSIVE;
				CLANG_CXX_LANGUAGE_STANDARD = "gnu++20";
				CLANG_ENABLE_MODULES = YES;
				CLANG_ENABLE_OBJC_ARC = YES;
				CLANG_ENABLE_OBJC_WEAK = YES;
				CLANG_WARN_BLOCK_CAPTURE_AUTORELEASING = YES;
				CLANG_WARN_BOOL_CONVERSION = YES;
				CLANG_WARN_COMMA = YES;
				CLANG_WARN_CONSTANT_CONVERSION = YES;
				CLANG_WARN_DEPRECATED_OBJC_IMPLEMENTATIONS = YES;
				CLANG_WARN_DIRECT_OBJC_ISA_USAGE = YES_ERROR;
				CLANG_WARN_DOCUMENTATION_COMMENTS = YES;
				CLANG_WARN_EMPTY_BODY = YES;
				CLANG_WARN_ENUM_CONVERSION = YES;
				CLANG_WARN_INFINITE_RECURSION = YES;
				CLANG_WARN_INT_CONVERSION = YES;
				CLANG_WARN_NON_LITERAL_NULL_CONVERSION = YES;
				CLANG_WARN_OBJC_IMPLICIT_RETAIN_SELF = YES;
				CLANG_WARN_OBJC_LITERAL_CONVERSION = YES;
				CLANG_WARN_OBJC_ROOT_CLASS = YES_ERROR;
				CLANG_WARN_QUOTED_INCLUDE_IN_FRAMEWORK_HEADER = YES;
				CLANG_WARN_RANGE_LOOP_ANALYSIS = YES;
				CLANG_WARN_STRICT_PROTOTYPES = YES;
				CLANG_WARN_SUSPICIOUS_MOVE = YES;
				CLANG_WARN_UNGUARDED_AVAILABILITY = YES_AGGRESSIVE;
				CLANG_WARN_UNREACHABLE_CODE = YES;
				CLANG_WARN__DUPLICATE_METHOD_MATCH = YES;
				COPY_PHASE_STRIP = NO;
				DEBUG_INFORMATION_FORMAT = dwarf;
				ENABLE_STRICT_OBJC_MSGSEND = YES;
				ENABLE_TESTABILITY = YES;
				ENABLE_USER_SCRIPT_SANDBOXING = YES;
				GCC_C_LANGUAGE_STANDARD = gnu17;
				GCC_DYNAMIC_NO_PIC = NO;
				GCC_NO_COMMON_BLOCKS = YES;
				GCC_OPTIMIZATION_LEVEL = 0;
				GCC_PREPROCESSOR_DEFINITIONS = (
					"DEBUG=1",
					"$(inherited)",
				);
				GCC_WARN_64_TO_32_BIT_CONVERSION = YES;
				GCC_WARN_ABOUT_RETURN_TYPE = YES_ERROR;
				GCC_WARN_UNDECLARED_SELECTOR = YES;
				GCC_WARN_UNINITIALIZED_AUTOS = YES_AGGRESSIVE;
				GCC_WARN_UNUSED_FUNCTION = YES;
				GCC_WARN_UNUSED_VARIABLE = YES;
				IPHONEOS_DEPLOYMENT_TARGET = 18.0;
				LOCALIZATION_PREFERS_STRING_CATALOGS = YES;
				MTL_ENABLE_DEBUG_INFO = INCLUDE_SOURCE;
				MTL_FAST_MATH = YES;
				ONLY_ACTIVE_ARCH = YES;
				SDKROOT = iphoneos;
				SWIFT_ACTIVE_COMPILATION_CONDITIONS = "DEBUG $(inherited)";
				SWIFT_OPTIMIZATION_LEVEL = "-Onone";
			};
			name = Debug;
		};
		62AB977C2CD5D089004F5C78 /* Release */ = {
			isa = XCBuildConfiguration;
			buildSettings = {
				ALWAYS_SEARCH_USER_PATHS = NO;
				ASSETCATALOG_COMPILER_GENERATE_SWIFT_ASSET_SYMBOL_EXTENSIONS = YES;
				CLANG_ANALYZER_NONNULL = YES;
				CLANG_ANALYZER_NUMBER_OBJECT_CONVERSION = YES_AGGRESSIVE;
				CLANG_CXX_LANGUAGE_STANDARD = "gnu++20";
				CLANG_ENABLE_MODULES = YES;
				CLANG_ENABLE_OBJC_ARC = YES;
				CLANG_ENABLE_OBJC_WEAK = YES;
				CLANG_WARN_BLOCK_CAPTURE_AUTORELEASING = YES;
				CLANG_WARN_BOOL_CONVERSION = YES;
				CLANG_WARN_COMMA = YES;
				CLANG_WARN_CONSTANT_CONVERSION = YES;
				CLANG_WARN_DEPRECATED_OBJC_IMPLEMENTATIONS = YES;
				CLANG_WARN_DIRECT_OBJC_ISA_USAGE = YES_ERROR;
				CLANG_WARN_DOCUMENTATION_COMMENTS = YES;
				CLANG_WARN_EMPTY_BODY = YES;
				CLANG_WARN_ENUM_CONVERSION = YES;
				CLANG_WARN_INFINITE_RECURSION = YES;
				CLANG_WARN_INT_CONVERSION = YES;
				CLANG_WARN_NON_LITERAL_NULL_CONVERSION = YES;
				CLANG_WARN_OBJC_IMPLICIT_RETAIN_SELF = YES;
				CLANG_WARN_OBJC_LITERAL_CONVERSION = YES;
				CLANG_WARN_OBJC_ROOT_CLASS = YES_ERROR;
				CLANG_WARN_QUOTED_INCLUDE_IN_FRAMEWORK_HEADER = YES;
				CLANG_WARN_RANGE_LOOP_ANALYSIS = YES;
				CLANG_WARN_STRICT_PROTOTYPES = YES;
				CLANG_WARN_SUSPICIOUS_MOVE = YES;
				CLANG_WARN_UNGUARDED_AVAILABILITY = YES_AGGRESSIVE;
				CLANG_WARN_UNREACHABLE_CODE = YES;
				CLANG_WARN__DUPLICATE_METHOD_MATCH = YES;
				COPY_PHASE_STRIP = NO;
				DEBUG_INFORMATION_FORMAT = "dwarf-with-dsym";
				ENABLE_NS_ASSERTIONS = NO;
				ENABLE_STRICT_OBJC_MSGSEND = YES;
				ENABLE_USER_SCRIPT_SANDBOXING = YES;
				GCC_C_LANGUAGE_STANDARD = gnu17;
				GCC_NO_COMMON_BLOCKS = YES;
				GCC_WARN_64_TO_32_BIT_CONVERSION = YES;
				GCC_WARN_ABOUT_RETURN_TYPE = YES_ERROR;
				GCC_WARN_UNDECLARED_SELECTOR = YES;
				GCC_WARN_UNINITIALIZED_AUTOS = YES_AGGRESSIVE;
				GCC_WARN_UNUSED_FUNCTION = YES;
				GCC_WARN_UNUSED_VARIABLE = YES;
				IPHONEOS_DEPLOYMENT_TARGET = 18.0;
				LOCALIZATION_PREFERS_STRING_CATALOGS = YES;
				MTL_ENABLE_DEBUG_INFO = NO;
				MTL_FAST_MATH = YES;
				SDKROOT = iphoneos;
				SWIFT_COMPILATION_MODE = wholemodule;
				VALIDATE_PRODUCT = YES;
			};
			name = Release;
		};
/* End XCBuildConfiguration section */

/* Begin XCConfigurationList section */
		62AB97602CD5D088004F5C78 /* Build configuration list for PBXProject "ImageFeed" */ = {
			isa = XCConfigurationList;
			buildConfigurations = (
				62AB977B2CD5D089004F5C78 /* Debug */,
				62AB977C2CD5D089004F5C78 /* Release */,
			);
			defaultConfigurationIsVisible = 0;
			defaultConfigurationName = Release;
		};
		62AB97782CD5D089004F5C78 /* Build configuration list for PBXNativeTarget "ImageFeed" */ = {
			isa = XCConfigurationList;
			buildConfigurations = (
				62AB97792CD5D089004F5C78 /* Debug */,
				62AB977A2CD5D089004F5C78 /* Release */,
			);
			defaultConfigurationIsVisible = 0;
			defaultConfigurationName = Release;
		};
/* End XCConfigurationList section */
	};
	rootObject = 62AB975D2CD5D088004F5C78 /* Project object */;
}
